// !$*UTF8*$!
{
	archiveVersion = 1;
	classes = {
	};
	objectVersion = 56;
	objects = {

/* Begin PBXBuildFile section */
		CE9B807D2DA2EFD2002F8DFA /* AppDelegate.swift in Sources */ = {isa = PBXBuildFile; fileRef = CE9B807C2DA2EFD2002F8DFA /* AppDelegate.swift */; };
		CE9B807F2DA2EFD2002F8DFA /* SceneDelegate.swift in Sources */ = {isa = PBXBuildFile; fileRef = CE9B807E2DA2EFD2002F8DFA /* SceneDelegate.swift */; };
		CE9B80812DA2EFD2002F8DFA /* ViewController.swift in Sources */ = {isa = PBXBuildFile; fileRef = CE9B80802DA2EFD2002F8DFA /* ViewController.swift */; };
		CE9B80842DA2EFD2002F8DFA /* Main.storyboard in Resources */ = {isa = PBXBuildFile; fileRef = CE9B80822DA2EFD2002F8DFA /* Main.storyboard */; };
		CE9B80862DA2EFD4002F8DFA /* Assets.xcassets in Resources */ = {isa = PBXBuildFile; fileRef = CE9B80852DA2EFD4002F8DFA /* Assets.xcassets */; };
		CE9B80892DA2EFD4002F8DFA /* LaunchScreen.storyboard in Resources */ = {isa = PBXBuildFile; fileRef = CE9B80872DA2EFD4002F8DFA /* LaunchScreen.storyboard */; };
		CE9B80922DA3141B002F8DFA /* Onboarding1ViewController.swift in Sources */ = {isa = PBXBuildFile; fileRef = CE9B80912DA3141B002F8DFA /* Onboarding1ViewController.swift */; };
		CE9B80E22DA7E5FE002F8DFA /* OnboardinSecondVC.swift in Sources */ = {isa = PBXBuildFile; fileRef = CE9B80E12DA7E5FE002F8DFA /* OnboardinSecondVC.swift */; };
		CE9B80E42DA7E64E002F8DFA /* ThirdVC.swift in Sources */ = {isa = PBXBuildFile; fileRef = CE9B80E32DA7E64E002F8DFA /* ThirdVC.swift */; };
		CE9B80E62DA7E683002F8DFA /* FourthVC.swift in Sources */ = {isa = PBXBuildFile; fileRef = CE9B80E52DA7E683002F8DFA /* FourthVC.swift */; };
		CE9B80E92DA7EA86002F8DFA /* Viewcontroller+exc.swift in Sources */ = {isa = PBXBuildFile; fileRef = CE9B80E82DA7EA86002F8DFA /* Viewcontroller+exc.swift */; };
		CE9B80EC2DA7F282002F8DFA /* RegisterViewController.swift in Sources */ = {isa = PBXBuildFile; fileRef = CE9B80EB2DA7F282002F8DFA /* RegisterViewController.swift */; };
		CE9B80EF2DA7F32E002F8DFA /* SignInViewController.swift in Sources */ = {isa = PBXBuildFile; fileRef = CE9B80EE2DA7F32E002F8DFA /* SignInViewController.swift */; };
		CE9B80F22DA7FA3B002F8DFA /* ForgetPasswordViewController.swift in Sources */ = {isa = PBXBuildFile; fileRef = CE9B80F12DA7FA3B002F8DFA /* ForgetPasswordViewController.swift */; };
		CE9B80F52DA7FCED002F8DFA /* SuccessViewController.swift in Sources */ = {isa = PBXBuildFile; fileRef = CE9B80F42DA7FCED002F8DFA /* SuccessViewController.swift */; };
		CE9B80F72DA7FCFB002F8DFA /* ErrorViewController.swift in Sources */ = {isa = PBXBuildFile; fileRef = CE9B80F62DA7FCFB002F8DFA /* ErrorViewController.swift */; };
		CE9B80FA2DAAA944002F8DFA /* NetworkService.swift in Sources */ = {isa = PBXBuildFile; fileRef = CE9B80F92DAAA944002F8DFA /* NetworkService.swift */; };
		CE9B80FD2DAAB41D002F8DFA /* LoginModel.swift in Sources */ = {isa = PBXBuildFile; fileRef = CE9B80FC2DAAB41D002F8DFA /* LoginModel.swift */; };
		CE9B81002DABFBEE002F8DFA /* HomePageViewController.swift in Sources */ = {isa = PBXBuildFile; fileRef = CE9B80FF2DABFBEE002F8DFA /* HomePageViewController.swift */; };
		CE9B81042DABFD31002F8DFA /* GroupFirstCollectionViewCell.swift in Sources */ = {isa = PBXBuildFile; fileRef = CE9B81022DABFD31002F8DFA /* GroupFirstCollectionViewCell.swift */; };
		CE9B81052DABFD31002F8DFA /* GroupFirstCollectionViewCell.xib in Resources */ = {isa = PBXBuildFile; fileRef = CE9B81032DABFD31002F8DFA /* GroupFirstCollectionViewCell.xib */; };
		CE9B81082DAC01BC002F8DFA /* CollectionView+ext.swift in Sources */ = {isa = PBXBuildFile; fileRef = CE9B81072DAC01BC002F8DFA /* CollectionView+ext.swift */; };
		CE9B810F2DAC1960002F8DFA /* SecondCollectionViewCell.swift in Sources */ = {isa = PBXBuildFile; fileRef = CE9B810D2DAC1960002F8DFA /* SecondCollectionViewCell.swift */; };
		CE9B81142DAD42F3002F8DFA /* RegisterModel.swift in Sources */ = {isa = PBXBuildFile; fileRef = CE9B81132DAD42F3002F8DFA /* RegisterModel.swift */; };
		CEE4D88B2DAE71560082AF68 /* ForgetPassword.swift in Sources */ = {isa = PBXBuildFile; fileRef = CEE4D88A2DAE71560082AF68 /* ForgetPassword.swift */; };
		CEE4D8902DB00FCB0082AF68 /* DashboardModel.swift in Sources */ = {isa = PBXBuildFile; fileRef = CEE4D88F2DB00FCB0082AF68 /* DashboardModel.swift */; };
		CEE4D8942DB0F30B0082AF68 /* RegisterMockResponse.json in Resources */ = {isa = PBXBuildFile; fileRef = CEE4D8932DB0F2FA0082AF68 /* RegisterMockResponse.json */; };
		CEE4D8962DB0F38C0082AF68 /* JSONMockData.swift in Sources */ = {isa = PBXBuildFile; fileRef = CEE4D8952DB0F38C0082AF68 /* JSONMockData.swift */; };
		CEE4D8982DB0F68C0082AF68 /* LoginMockResponse.json in Resources */ = {isa = PBXBuildFile; fileRef = CEE4D8972DB0F68C0082AF68 /* LoginMockResponse.json */; };
		CEE4D89B2DB0FA320082AF68 /* DashboardMockResponse.json in Resources */ = {isa = PBXBuildFile; fileRef = CEE4D89A2DB0FA320082AF68 /* DashboardMockResponse.json */; };
		CEE4D89E2DB13B960082AF68 /* ForgotPasswordMock.json in Resources */ = {isa = PBXBuildFile; fileRef = CEE4D89D2DB13B960082AF68 /* ForgotPasswordMock.json */; };
		CEE4D8AA2DB241170082AF68 /* MainTabBarController.swift in Sources */ = {isa = PBXBuildFile; fileRef = CEE4D8A92DB241170082AF68 /* MainTabBarController.swift */; };
/* End PBXBuildFile section */

/* Begin PBXFileReference section */
		CE9B80792DA2EFD2002F8DFA /* SunexAzApp.app */ = {isa = PBXFileReference; explicitFileType = wrapper.application; includeInIndex = 0; path = SunexAzApp.app; sourceTree = BUILT_PRODUCTS_DIR; };
		CE9B807C2DA2EFD2002F8DFA /* AppDelegate.swift */ = {isa = PBXFileReference; lastKnownFileType = sourcecode.swift; path = AppDelegate.swift; sourceTree = "<group>"; };
		CE9B807E2DA2EFD2002F8DFA /* SceneDelegate.swift */ = {isa = PBXFileReference; lastKnownFileType = sourcecode.swift; path = SceneDelegate.swift; sourceTree = "<group>"; };
		CE9B80802DA2EFD2002F8DFA /* ViewController.swift */ = {isa = PBXFileReference; lastKnownFileType = sourcecode.swift; path = ViewController.swift; sourceTree = "<group>"; };
		CE9B80832DA2EFD2002F8DFA /* Base */ = {isa = PBXFileReference; lastKnownFileType = file.storyboard; name = Base; path = Base.lproj/Main.storyboard; sourceTree = "<group>"; };
		CE9B80852DA2EFD4002F8DFA /* Assets.xcassets */ = {isa = PBXFileReference; lastKnownFileType = folder.assetcatalog; path = Assets.xcassets; sourceTree = "<group>"; };
		CE9B80882DA2EFD4002F8DFA /* Base */ = {isa = PBXFileReference; lastKnownFileType = file.storyboard; name = Base; path = Base.lproj/LaunchScreen.storyboard; sourceTree = "<group>"; };
		CE9B808A2DA2EFD4002F8DFA /* Info.plist */ = {isa = PBXFileReference; lastKnownFileType = text.plist.xml; path = Info.plist; sourceTree = "<group>"; };
		CE9B80912DA3141B002F8DFA /* Onboarding1ViewController.swift */ = {isa = PBXFileReference; lastKnownFileType = sourcecode.swift; path = Onboarding1ViewController.swift; sourceTree = "<group>"; };
		CE9B80E12DA7E5FE002F8DFA /* OnboardinSecondVC.swift */ = {isa = PBXFileReference; lastKnownFileType = sourcecode.swift; path = OnboardinSecondVC.swift; sourceTree = "<group>"; };
		CE9B80E32DA7E64E002F8DFA /* ThirdVC.swift */ = {isa = PBXFileReference; lastKnownFileType = sourcecode.swift; path = ThirdVC.swift; sourceTree = "<group>"; };
		CE9B80E52DA7E683002F8DFA /* FourthVC.swift */ = {isa = PBXFileReference; lastKnownFileType = sourcecode.swift; path = FourthVC.swift; sourceTree = "<group>"; };
		CE9B80E82DA7EA86002F8DFA /* Viewcontroller+exc.swift */ = {isa = PBXFileReference; lastKnownFileType = sourcecode.swift; path = "Viewcontroller+exc.swift"; sourceTree = "<group>"; };
		CE9B80EB2DA7F282002F8DFA /* RegisterViewController.swift */ = {isa = PBXFileReference; lastKnownFileType = sourcecode.swift; path = RegisterViewController.swift; sourceTree = "<group>"; };
		CE9B80EE2DA7F32E002F8DFA /* SignInViewController.swift */ = {isa = PBXFileReference; lastKnownFileType = sourcecode.swift; path = SignInViewController.swift; sourceTree = "<group>"; };
		CE9B80F12DA7FA3B002F8DFA /* ForgetPasswordViewController.swift */ = {isa = PBXFileReference; lastKnownFileType = sourcecode.swift; path = ForgetPasswordViewController.swift; sourceTree = "<group>"; };
		CE9B80F42DA7FCED002F8DFA /* SuccessViewController.swift */ = {isa = PBXFileReference; lastKnownFileType = sourcecode.swift; path = SuccessViewController.swift; sourceTree = "<group>"; };
		CE9B80F62DA7FCFB002F8DFA /* ErrorViewController.swift */ = {isa = PBXFileReference; lastKnownFileType = sourcecode.swift; path = ErrorViewController.swift; sourceTree = "<group>"; };
		CE9B80F92DAAA944002F8DFA /* NetworkService.swift */ = {isa = PBXFileReference; lastKnownFileType = sourcecode.swift; path = NetworkService.swift; sourceTree = "<group>"; };
		CE9B80FC2DAAB41D002F8DFA /* LoginModel.swift */ = {isa = PBXFileReference; lastKnownFileType = sourcecode.swift; path = LoginModel.swift; sourceTree = "<group>"; };
		CE9B80FF2DABFBEE002F8DFA /* HomePageViewController.swift */ = {isa = PBXFileReference; lastKnownFileType = sourcecode.swift; path = HomePageViewController.swift; sourceTree = "<group>"; };
		CE9B81022DABFD31002F8DFA /* GroupFirstCollectionViewCell.swift */ = {isa = PBXFileReference; lastKnownFileType = sourcecode.swift; path = GroupFirstCollectionViewCell.swift; sourceTree = "<group>"; };
		CE9B81032DABFD31002F8DFA /* GroupFirstCollectionViewCell.xib */ = {isa = PBXFileReference; lastKnownFileType = file.xib; path = GroupFirstCollectionViewCell.xib; sourceTree = "<group>"; };
		CE9B81072DAC01BC002F8DFA /* CollectionView+ext.swift */ = {isa = PBXFileReference; lastKnownFileType = sourcecode.swift; path = "CollectionView+ext.swift"; sourceTree = "<group>"; };
		CE9B810D2DAC1960002F8DFA /* SecondCollectionViewCell.swift */ = {isa = PBXFileReference; lastKnownFileType = sourcecode.swift; path = SecondCollectionViewCell.swift; sourceTree = "<group>"; };
		CE9B81132DAD42F3002F8DFA /* RegisterModel.swift */ = {isa = PBXFileReference; lastKnownFileType = sourcecode.swift; path = RegisterModel.swift; sourceTree = "<group>"; };
		CEE4D88A2DAE71560082AF68 /* ForgetPassword.swift */ = {isa = PBXFileReference; lastKnownFileType = sourcecode.swift; path = ForgetPassword.swift; sourceTree = "<group>"; };
		CEE4D88F2DB00FCB0082AF68 /* DashboardModel.swift */ = {isa = PBXFileReference; lastKnownFileType = sourcecode.swift; name = DashboardModel.swift; path = SunexAzApp/Model/DashboardModel.swift; sourceTree = SOURCE_ROOT; };
		CEE4D8932DB0F2FA0082AF68 /* RegisterMockResponse.json */ = {isa = PBXFileReference; lastKnownFileType = text.json; path = RegisterMockResponse.json; sourceTree = "<group>"; };
		CEE4D8952DB0F38C0082AF68 /* JSONMockData.swift */ = {isa = PBXFileReference; lastKnownFileType = sourcecode.swift; path = JSONMockData.swift; sourceTree = "<group>"; };
		CEE4D8972DB0F68C0082AF68 /* LoginMockResponse.json */ = {isa = PBXFileReference; lastKnownFileType = text.json; path = LoginMockResponse.json; sourceTree = "<group>"; };
		CEE4D89A2DB0FA320082AF68 /* DashboardMockResponse.json */ = {isa = PBXFileReference; lastKnownFileType = text.json; path = DashboardMockResponse.json; sourceTree = "<group>"; };
		CEE4D89D2DB13B960082AF68 /* ForgotPasswordMock.json */ = {isa = PBXFileReference; lastKnownFileType = text.json; path = ForgotPasswordMock.json; sourceTree = "<group>"; };
		CEE4D8A92DB241170082AF68 /* MainTabBarController.swift */ = {isa = PBXFileReference; lastKnownFileType = sourcecode.swift; path = MainTabBarController.swift; sourceTree = "<group>"; };
/* End PBXFileReference section */

/* Begin PBXFrameworksBuildPhase section */
		CE9B80762DA2EFD2002F8DFA /* Frameworks */ = {
			isa = PBXFrameworksBuildPhase;
			buildActionMask = 2147483647;
			files = (
			);
			runOnlyForDeploymentPostprocessing = 0;
		};
/* End PBXFrameworksBuildPhase section */

/* Begin PBXGroup section */
		CE9B80702DA2EFD2002F8DFA = {
			isa = PBXGroup;
			children = (
				CE9B807B2DA2EFD2002F8DFA /* SunexAzApp */,
				CE9B807A2DA2EFD2002F8DFA /* Products */,
			);
			sourceTree = "<group>";
		};
		CE9B807A2DA2EFD2002F8DFA /* Products */ = {
			isa = PBXGroup;
			children = (
				CE9B80792DA2EFD2002F8DFA /* SunexAzApp.app */,
			);
			name = Products;
			sourceTree = "<group>";
		};
		CE9B807B2DA2EFD2002F8DFA /* SunexAzApp */ = {
			isa = PBXGroup;
			children = (
				CEE4D8A82DB240FE0082AF68 /* Tabbar */,
				CE9B81062DAC01A1002F8DFA /* Ext */,
				CEE4D8A62DB1503E0082AF68 /* Model */,
				CEE4D8A52DB1500D0082AF68 /* JSON */,
				CEE4D8A42DB14FEA0082AF68 /* MockData */,
				CEE4D8912DB0F28B0082AF68 /* Network */,
				CEE4D8A22DB14F640082AF68 /* App */,
				CEE4D8A12DB14EA70082AF68 /* Views */,
				CEE4D8A02DB14E7A0082AF68 /* Cellls */,
				CE9B80822DA2EFD2002F8DFA /* Main.storyboard */,
				CE9B80852DA2EFD4002F8DFA /* Assets.xcassets */,
				CE9B80872DA2EFD4002F8DFA /* LaunchScreen.storyboard */,
				CE9B808A2DA2EFD4002F8DFA /* Info.plist */,
			);
			path = SunexAzApp;
			sourceTree = "<group>";
		};
		CE9B80902DA313FC002F8DFA /* Onboarding */ = {
			isa = PBXGroup;
			children = (
				CE9B80912DA3141B002F8DFA /* Onboarding1ViewController.swift */,
				CE9B80E12DA7E5FE002F8DFA /* OnboardinSecondVC.swift */,
				CE9B80E32DA7E64E002F8DFA /* ThirdVC.swift */,
				CE9B80E52DA7E683002F8DFA /* FourthVC.swift */,
			);
			path = Onboarding;
			sourceTree = "<group>";
		};
		CE9B81062DAC01A1002F8DFA /* Ext */ = {
			isa = PBXGroup;
			children = (
				CE9B81072DAC01BC002F8DFA /* CollectionView+ext.swift */,
				CE9B80E82DA7EA86002F8DFA /* Viewcontroller+exc.swift */,
			);
			path = Ext;
			sourceTree = "<group>";
		};
		CEE4D8912DB0F28B0082AF68 /* Network */ = {
			isa = PBXGroup;
			children = (
				CE9B80F92DAAA944002F8DFA /* NetworkService.swift */,
			);
			path = Network;
			sourceTree = "<group>";
		};
		CEE4D8A02DB14E7A0082AF68 /* Cellls */ = {
			isa = PBXGroup;
			children = (
				CE9B810D2DAC1960002F8DFA /* SecondCollectionViewCell.swift */,
				CE9B81022DABFD31002F8DFA /* GroupFirstCollectionViewCell.swift */,
				CE9B81032DABFD31002F8DFA /* GroupFirstCollectionViewCell.xib */,
			);
			path = Cellls;
			sourceTree = "<group>";
		};
		CEE4D8A12DB14EA70082AF68 /* Views */ = {
			isa = PBXGroup;
			children = (
				CE9B80902DA313FC002F8DFA /* Onboarding */,
				CE9B80FF2DABFBEE002F8DFA /* HomePageViewController.swift */,
				CE9B80F42DA7FCED002F8DFA /* SuccessViewController.swift */,
				CE9B80F62DA7FCFB002F8DFA /* ErrorViewController.swift */,
				CE9B80F12DA7FA3B002F8DFA /* ForgetPasswordViewController.swift */,
				CE9B80EE2DA7F32E002F8DFA /* SignInViewController.swift */,
				CE9B80EB2DA7F282002F8DFA /* RegisterViewController.swift */,
				CE9B80802DA2EFD2002F8DFA /* ViewController.swift */,
			);
			path = Views;
			sourceTree = "<group>";
		};
		CEE4D8A22DB14F640082AF68 /* App */ = {
			isa = PBXGroup;
			children = (
				CE9B807C2DA2EFD2002F8DFA /* AppDelegate.swift */,
				CE9B807E2DA2EFD2002F8DFA /* SceneDelegate.swift */,
			);
			path = App;
			sourceTree = "<group>";
		};
		CEE4D8A42DB14FEA0082AF68 /* MockData */ = {
			isa = PBXGroup;
			children = (
				CEE4D8952DB0F38C0082AF68 /* JSONMockData.swift */,
			);
			path = MockData;
			sourceTree = "<group>";
		};
		CEE4D8A52DB1500D0082AF68 /* JSON */ = {
			isa = PBXGroup;
			children = (
				CEE4D89A2DB0FA320082AF68 /* DashboardMockResponse.json */,
				CEE4D8932DB0F2FA0082AF68 /* RegisterMockResponse.json */,
				CEE4D8972DB0F68C0082AF68 /* LoginMockResponse.json */,
				CEE4D89D2DB13B960082AF68 /* ForgotPasswordMock.json */,
			);
			path = JSON;
			sourceTree = "<group>";
		};
		CEE4D8A62DB1503E0082AF68 /* Model */ = {
			isa = PBXGroup;
			children = (
				CEE4D88F2DB00FCB0082AF68 /* DashboardModel.swift */,
				CEE4D88A2DAE71560082AF68 /* ForgetPassword.swift */,
				CE9B81132DAD42F3002F8DFA /* RegisterModel.swift */,
				CE9B80FC2DAAB41D002F8DFA /* LoginModel.swift */,
			);
			path = Model;
			sourceTree = "<group>";
		};
		CEE4D8A82DB240FE0082AF68 /* Tabbar */ = {
			isa = PBXGroup;
			children = (
				CEE4D8A92DB241170082AF68 /* MainTabBarController.swift */,
			);
			path = Tabbar;
			sourceTree = "<group>";
		};
/* End PBXGroup section */

/* Begin PBXNativeTarget section */
		CE9B80782DA2EFD2002F8DFA /* SunexAzApp */ = {
			isa = PBXNativeTarget;
			buildConfigurationList = CE9B808D2DA2EFD4002F8DFA /* Build configuration list for PBXNativeTarget "SunexAzApp" */;
			buildPhases = (
				CE9B80752DA2EFD2002F8DFA /* Sources */,
				CE9B80762DA2EFD2002F8DFA /* Frameworks */,
				CE9B80772DA2EFD2002F8DFA /* Resources */,
			);
			buildRules = (
			);
			dependencies = (
			);
			name = SunexAzApp;
			productName = SunexAzApp;
			productReference = CE9B80792DA2EFD2002F8DFA /* SunexAzApp.app */;
			productType = "com.apple.product-type.application";
		};
/* End PBXNativeTarget section */

/* Begin PBXProject section */
		CE9B80712DA2EFD2002F8DFA /* Project object */ = {
			isa = PBXProject;
			attributes = {
				BuildIndependentTargetsInParallel = 1;
				LastSwiftUpdateCheck = 1520;
				LastUpgradeCheck = 1520;
				TargetAttributes = {
					CE9B80782DA2EFD2002F8DFA = {
						CreatedOnToolsVersion = 15.2;
					};
				};
			};
			buildConfigurationList = CE9B80742DA2EFD2002F8DFA /* Build configuration list for PBXProject "SunexAzApp" */;
			compatibilityVersion = "Xcode 14.0";
			developmentRegion = en;
			hasScannedForEncodings = 0;
			knownRegions = (
				en,
				Base,
			);
			mainGroup = CE9B80702DA2EFD2002F8DFA;
			productRefGroup = CE9B807A2DA2EFD2002F8DFA /* Products */;
			projectDirPath = "";
			projectRoot = "";
			targets = (
				CE9B80782DA2EFD2002F8DFA /* SunexAzApp */,
			);
		};
/* End PBXProject section */

/* Begin PBXResourcesBuildPhase section */
		CE9B80772DA2EFD2002F8DFA /* Resources */ = {
			isa = PBXResourcesBuildPhase;
			buildActionMask = 2147483647;
			files = (
				CE9B80892DA2EFD4002F8DFA /* LaunchScreen.storyboard in Resources */,
				CE9B80862DA2EFD4002F8DFA /* Assets.xcassets in Resources */,
				CEE4D8982DB0F68C0082AF68 /* LoginMockResponse.json in Resources */,
				CE9B81052DABFD31002F8DFA /* GroupFirstCollectionViewCell.xib in Resources */,
				CE9B80842DA2EFD2002F8DFA /* Main.storyboard in Resources */,
				CEE4D89E2DB13B960082AF68 /* ForgotPasswordMock.json in Resources */,
				CEE4D8942DB0F30B0082AF68 /* RegisterMockResponse.json in Resources */,
				CEE4D89B2DB0FA320082AF68 /* DashboardMockResponse.json in Resources */,
			);
			runOnlyForDeploymentPostprocessing = 0;
		};
/* End PBXResourcesBuildPhase section */

/* Begin PBXSourcesBuildPhase section */
		CE9B80752DA2EFD2002F8DFA /* Sources */ = {
			isa = PBXSourcesBuildPhase;
			buildActionMask = 2147483647;
			files = (
				CE9B80F22DA7FA3B002F8DFA /* ForgetPasswordViewController.swift in Sources */,
				CE9B80EC2DA7F282002F8DFA /* RegisterViewController.swift in Sources */,
				CEE4D8AA2DB241170082AF68 /* MainTabBarController.swift in Sources */,
				CE9B81082DAC01BC002F8DFA /* CollectionView+ext.swift in Sources */,
				CE9B80F72DA7FCFB002F8DFA /* ErrorViewController.swift in Sources */,
				CE9B810F2DAC1960002F8DFA /* SecondCollectionViewCell.swift in Sources */,
				CEE4D8962DB0F38C0082AF68 /* JSONMockData.swift in Sources */,
				CE9B80E42DA7E64E002F8DFA /* ThirdVC.swift in Sources */,
				CE9B80812DA2EFD2002F8DFA /* ViewController.swift in Sources */,
				CE9B80E22DA7E5FE002F8DFA /* OnboardinSecondVC.swift in Sources */,
				CE9B80FA2DAAA944002F8DFA /* NetworkService.swift in Sources */,
				CE9B80922DA3141B002F8DFA /* Onboarding1ViewController.swift in Sources */,
				CE9B807D2DA2EFD2002F8DFA /* AppDelegate.swift in Sources */,
				CE9B80E92DA7EA86002F8DFA /* Viewcontroller+exc.swift in Sources */,
				CEE4D8902DB00FCB0082AF68 /* DashboardModel.swift in Sources */,
				CE9B80FD2DAAB41D002F8DFA /* LoginModel.swift in Sources */,
				CEE4D88B2DAE71560082AF68 /* ForgetPassword.swift in Sources */,
				CE9B80E62DA7E683002F8DFA /* FourthVC.swift in Sources */,
				CE9B81042DABFD31002F8DFA /* GroupFirstCollectionViewCell.swift in Sources */,
				CE9B81002DABFBEE002F8DFA /* HomePageViewController.swift in Sources */,
				CE9B81142DAD42F3002F8DFA /* RegisterModel.swift in Sources */,
				CE9B80EF2DA7F32E002F8DFA /* SignInViewController.swift in Sources */,
				CE9B80F52DA7FCED002F8DFA /* SuccessViewController.swift in Sources */,
				CE9B807F2DA2EFD2002F8DFA /* SceneDelegate.swift in Sources */,
			);
			runOnlyForDeploymentPostprocessing = 0;
		};
/* End PBXSourcesBuildPhase section */

/* Begin PBXVariantGroup section */
		CE9B80822DA2EFD2002F8DFA /* Main.storyboard */ = {
			isa = PBXVariantGroup;
			children = (
				CE9B80832DA2EFD2002F8DFA /* Base */,
			);
			name = Main.storyboard;
			sourceTree = "<group>";
		};
		CE9B80872DA2EFD4002F8DFA /* LaunchScreen.storyboard */ = {
			isa = PBXVariantGroup;
			children = (
				CE9B80882DA2EFD4002F8DFA /* Base */,
			);
			name = LaunchScreen.storyboard;
			sourceTree = "<group>";
		};
/* End PBXVariantGroup section */

/* Begin XCBuildConfiguration section */
		CE9B808B2DA2EFD4002F8DFA /* Debug */ = {
			isa = XCBuildConfiguration;
			buildSettings = {
				ALWAYS_SEARCH_USER_PATHS = NO;
				ASSETCATALOG_COMPILER_GENERATE_SWIFT_ASSET_SYMBOL_EXTENSIONS = YES;
				CLANG_ANALYZER_NONNULL = YES;
				CLANG_ANALYZER_NUMBER_OBJECT_CONVERSION = YES_AGGRESSIVE;
				CLANG_CXX_LANGUAGE_STANDARD = "gnu++20";
				CLANG_ENABLE_MODULES = YES;
				CLANG_ENABLE_OBJC_ARC = YES;
				CLANG_ENABLE_OBJC_WEAK = YES;
				CLANG_WARN_BLOCK_CAPTURE_AUTORELEASING = YES;
				CLANG_WARN_BOOL_CONVERSION = YES;
				CLANG_WARN_COMMA = YES;
				CLANG_WARN_CONSTANT_CONVERSION = YES;
				CLANG_WARN_DEPRECATED_OBJC_IMPLEMENTATIONS = YES;
				CLANG_WARN_DIRECT_OBJC_ISA_USAGE = YES_ERROR;
				CLANG_WARN_DOCUMENTATION_COMMENTS = YES;
				CLANG_WARN_EMPTY_BODY = YES;
				CLANG_WARN_ENUM_CONVERSION = YES;
				CLANG_WARN_INFINITE_RECURSION = YES;
				CLANG_WARN_INT_CONVERSION = YES;
				CLANG_WARN_NON_LITERAL_NULL_CONVERSION = YES;
				CLANG_WARN_OBJC_IMPLICIT_RETAIN_SELF = YES;
				CLANG_WARN_OBJC_LITERAL_CONVERSION = YES;
				CLANG_WARN_OBJC_ROOT_CLASS = YES_ERROR;
				CLANG_WARN_QUOTED_INCLUDE_IN_FRAMEWORK_HEADER = YES;
				CLANG_WARN_RANGE_LOOP_ANALYSIS = YES;
				CLANG_WARN_STRICT_PROTOTYPES = YES;
				CLANG_WARN_SUSPICIOUS_MOVE = YES;
				CLANG_WARN_UNGUARDED_AVAILABILITY = YES_AGGRESSIVE;
				CLANG_WARN_UNREACHABLE_CODE = YES;
				CLANG_WARN__DUPLICATE_METHOD_MATCH = YES;
				COPY_PHASE_STRIP = NO;
				DEBUG_INFORMATION_FORMAT = dwarf;
				ENABLE_STRICT_OBJC_MSGSEND = YES;
				ENABLE_TESTABILITY = YES;
				ENABLE_USER_SCRIPT_SANDBOXING = YES;
				GCC_C_LANGUAGE_STANDARD = gnu17;
				GCC_DYNAMIC_NO_PIC = NO;
				GCC_NO_COMMON_BLOCKS = YES;
				GCC_OPTIMIZATION_LEVEL = 0;
				GCC_PREPROCESSOR_DEFINITIONS = (
					"DEBUG=1",
					"$(inherited)",
				);
				GCC_WARN_64_TO_32_BIT_CONVERSION = YES;
				GCC_WARN_ABOUT_RETURN_TYPE = YES_ERROR;
				GCC_WARN_UNDECLARED_SELECTOR = YES;
				GCC_WARN_UNINITIALIZED_AUTOS = YES_AGGRESSIVE;
				GCC_WARN_UNUSED_FUNCTION = YES;
				GCC_WARN_UNUSED_VARIABLE = YES;
				IPHONEOS_DEPLOYMENT_TARGET = 17.2;
				LOCALIZATION_PREFERS_STRING_CATALOGS = YES;
				MTL_ENABLE_DEBUG_INFO = INCLUDE_SOURCE;
				MTL_FAST_MATH = YES;
				ONLY_ACTIVE_ARCH = YES;
				SDKROOT = iphoneos;
				SWIFT_ACTIVE_COMPILATION_CONDITIONS = "DEBUG $(inherited)";
				SWIFT_OPTIMIZATION_LEVEL = "-Onone";
			};
			name = Debug;
		};
		CE9B808C2DA2EFD4002F8DFA /* Release */ = {
			isa = XCBuildConfiguration;
			buildSettings = {
				ALWAYS_SEARCH_USER_PATHS = NO;
				ASSETCATALOG_COMPILER_GENERATE_SWIFT_ASSET_SYMBOL_EXTENSIONS = YES;
				CLANG_ANALYZER_NONNULL = YES;
				CLANG_ANALYZER_NUMBER_OBJECT_CONVERSION = YES_AGGRESSIVE;
				CLANG_CXX_LANGUAGE_STANDARD = "gnu++20";
				CLANG_ENABLE_MODULES = YES;
				CLANG_ENABLE_OBJC_ARC = YES;
				CLANG_ENABLE_OBJC_WEAK = YES;
				CLANG_WARN_BLOCK_CAPTURE_AUTORELEASING = YES;
				CLANG_WARN_BOOL_CONVERSION = YES;
				CLANG_WARN_COMMA = YES;
				CLANG_WARN_CONSTANT_CONVERSION = YES;
				CLANG_WARN_DEPRECATED_OBJC_IMPLEMENTATIONS = YES;
				CLANG_WARN_DIRECT_OBJC_ISA_USAGE = YES_ERROR;
				CLANG_WARN_DOCUMENTATION_COMMENTS = YES;
				CLANG_WARN_EMPTY_BODY = YES;
				CLANG_WARN_ENUM_CONVERSION = YES;
				CLANG_WARN_INFINITE_RECURSION = YES;
				CLANG_WARN_INT_CONVERSION = YES;
				CLANG_WARN_NON_LITERAL_NULL_CONVERSION = YES;
				CLANG_WARN_OBJC_IMPLICIT_RETAIN_SELF = YES;
				CLANG_WARN_OBJC_LITERAL_CONVERSION = YES;
				CLANG_WARN_OBJC_ROOT_CLASS = YES_ERROR;
				CLANG_WARN_QUOTED_INCLUDE_IN_FRAMEWORK_HEADER = YES;
				CLANG_WARN_RANGE_LOOP_ANALYSIS = YES;
				CLANG_WARN_STRICT_PROTOTYPES = YES;
				CLANG_WARN_SUSPICIOUS_MOVE = YES;
				CLANG_WARN_UNGUARDED_AVAILABILITY = YES_AGGRESSIVE;
				CLANG_WARN_UNREACHABLE_CODE = YES;
				CLANG_WARN__DUPLICATE_METHOD_MATCH = YES;
				COPY_PHASE_STRIP = NO;
				DEBUG_INFORMATION_FORMAT = "dwarf-with-dsym";
				ENABLE_NS_ASSERTIONS = NO;
				ENABLE_STRICT_OBJC_MSGSEND = YES;
				ENABLE_USER_SCRIPT_SANDBOXING = YES;
				GCC_C_LANGUAGE_STANDARD = gnu17;
				GCC_NO_COMMON_BLOCKS = YES;
				GCC_WARN_64_TO_32_BIT_CONVERSION = YES;
				GCC_WARN_ABOUT_RETURN_TYPE = YES_ERROR;
				GCC_WARN_UNDECLARED_SELECTOR = YES;
				GCC_WARN_UNINITIALIZED_AUTOS = YES_AGGRESSIVE;
				GCC_WARN_UNUSED_FUNCTION = YES;
				GCC_WARN_UNUSED_VARIABLE = YES;
				IPHONEOS_DEPLOYMENT_TARGET = 17.2;
				LOCALIZATION_PREFERS_STRING_CATALOGS = YES;
				MTL_ENABLE_DEBUG_INFO = NO;
				MTL_FAST_MATH = YES;
				SDKROOT = iphoneos;
				SWIFT_COMPILATION_MODE = wholemodule;
				VALIDATE_PRODUCT = YES;
			};
			name = Release;
		};
		CE9B808E2DA2EFD4002F8DFA /* Debug */ = {
			isa = XCBuildConfiguration;
			buildSettings = {
				ASSETCATALOG_COMPILER_APPICON_NAME = AppIcon;
				ASSETCATALOG_COMPILER_GLOBAL_ACCENT_COLOR_NAME = AccentColor;
				CODE_SIGN_STYLE = Automatic;
				CURRENT_PROJECT_VERSION = 1;
				GENERATE_INFOPLIST_FILE = YES;
				INFOPLIST_FILE = SunexAzApp/Info.plist;
				INFOPLIST_KEY_UIApplicationSupportsIndirectInputEvents = YES;
				INFOPLIST_KEY_UILaunchStoryboardName = LaunchScreen;
				INFOPLIST_KEY_UIMainStoryboardFile = Main;
				INFOPLIST_KEY_UISupportedInterfaceOrientations_iPad = "UIInterfaceOrientationPortrait UIInterfaceOrientationPortraitUpsideDown UIInterfaceOrientationLandscapeLeft UIInterfaceOrientationLandscapeRight";
				INFOPLIST_KEY_UISupportedInterfaceOrientations_iPhone = "UIInterfaceOrientationPortrait UIInterfaceOrientationLandscapeLeft UIInterfaceOrientationLandscapeRight";
				LD_RUNPATH_SEARCH_PATHS = (
					"$(inherited)",
					"@executable_path/Frameworks",
				);
				MARKETING_VERSION = 1.0;
				PRODUCT_BUNDLE_IDENTIFIER = com.gunelbalayeva.SunexAzApp;
				PRODUCT_NAME = "$(TARGET_NAME)";
				SWIFT_EMIT_LOC_STRINGS = YES;
				SWIFT_VERSION = 5.0;
				TARGETED_DEVICE_FAMILY = "1,2";
			};
			name = Debug;
		};
		CE9B808F2DA2EFD4002F8DFA /* Release */ = {
			isa = XCBuildConfiguration;
			buildSettings = {
				ASSETCATALOG_COMPILER_APPICON_NAME = AppIcon;
				ASSETCATALOG_COMPILER_GLOBAL_ACCENT_COLOR_NAME = AccentColor;
				CODE_SIGN_STYLE = Automatic;
				CURRENT_PROJECT_VERSION = 1;
				GENERATE_INFOPLIST_FILE = YES;
				INFOPLIST_FILE = SunexAzApp/Info.plist;
				INFOPLIST_KEY_UIApplicationSupportsIndirectInputEvents = YES;
				INFOPLIST_KEY_UILaunchStoryboardName = LaunchScreen;
				INFOPLIST_KEY_UIMainStoryboardFile = Main;
				INFOPLIST_KEY_UISupportedInterfaceOrientations_iPad = "UIInterfaceOrientationPortrait UIInterfaceOrientationPortraitUpsideDown UIInterfaceOrientationLandscapeLeft UIInterfaceOrientationLandscapeRight";
				INFOPLIST_KEY_UISupportedInterfaceOrientations_iPhone = "UIInterfaceOrientationPortrait UIInterfaceOrientationLandscapeLeft UIInterfaceOrientationLandscapeRight";
				LD_RUNPATH_SEARCH_PATHS = (
					"$(inherited)",
					"@executable_path/Frameworks",
				);
				MARKETING_VERSION = 1.0;
				PRODUCT_BUNDLE_IDENTIFIER = com.gunelbalayeva.SunexAzApp;
				PRODUCT_NAME = "$(TARGET_NAME)";
				SWIFT_EMIT_LOC_STRINGS = YES;
				SWIFT_VERSION = 5.0;
				TARGETED_DEVICE_FAMILY = "1,2";
			};
			name = Release;
		};
/* End XCBuildConfiguration section */

/* Begin XCConfigurationList section */
		CE9B80742DA2EFD2002F8DFA /* Build configuration list for PBXProject "SunexAzApp" */ = {
			isa = XCConfigurationList;
			buildConfigurations = (
				CE9B808B2DA2EFD4002F8DFA /* Debug */,
				CE9B808C2DA2EFD4002F8DFA /* Release */,
			);
			defaultConfigurationIsVisible = 0;
			defaultConfigurationName = Release;
		};
		CE9B808D2DA2EFD4002F8DFA /* Build configuration list for PBXNativeTarget "SunexAzApp" */ = {
			isa = XCConfigurationList;
			buildConfigurations = (
				CE9B808E2DA2EFD4002F8DFA /* Debug */,
				CE9B808F2DA2EFD4002F8DFA /* Release */,
			);
			defaultConfigurationIsVisible = 0;
			defaultConfigurationName = Release;
		};
/* End XCConfigurationList section */
	};
	rootObject = CE9B80712DA2EFD2002F8DFA /* Project object */;
}
